{
    "_readme": [
        "This file locks the dependencies of your project to a known state",
        "Read more about it at https://getcomposer.org/doc/01-basic-usage.md#composer-lock-the-lock-file",
        "This file is @generated automatically"
    ],
    "hash": "fb71b2362767b91e8537e5aeed50c6bf",
    "packages": [
        {
            "name": "simplyadmire/composer-plugins",
            "version": "dev-master",
            "source": {
                "type": "git",
                "url": "https://github.com/SimplyAdmire/ComposerPlugins.git",
                "reference": "9e0c76952a71caa1d953ee5779b7d4c4c298d142"
            },
            "dist": {
                "type": "zip",
                "url": "https://api.github.com/repos/SimplyAdmire/ComposerPlugins/zipball/9e0c76952a71caa1d953ee5779b7d4c4c298d142",
                "reference": "9e0c76952a71caa1d953ee5779b7d4c4c298d142",
                "shasum": ""
            },
            "require": {
                "composer-plugin-api": "1.0.0",
                "squizlabs/php_codesniffer": "*"
            },
            "type": "composer-plugin",
            "extra": {
                "class": [
                    "SimplyAdmire\\ComposerPlugins\\PhpCodesnifferStandardInstallerPlugin"
                ]
            },
            "autoload": {
                "psr-0": {
                    "SimplyAdmire\\ComposerPlugins": ""
                }
            },
            "notification-url": "https://packagist.org/downloads/",
            "license": [
                "LGPL-3.0+"
            ],
            "authors": [
                {
                    "name": "Rens Admiraal",
                    "email": "rens@simplyadmire.com",
                    "role": "lead"
                }
            ],
            "description": "Composer plugin for installing PHP_CodeSniffer standards",
            "keywords": [
                "PHP_CodeSniffer",
                "TYPO3 CMS",
                "TYPO3 Flow",
                "TYPO3 Neos",
                "phpcs",
                "standards",
                "typo3"
            ],
            "time": "2015-06-21 20:23:06"
        },
        {
            "name": "squizlabs/php_codesniffer",
            "version": "2.3.0",
            "source": {
                "type": "git",
                "url": "https://github.com/squizlabs/PHP_CodeSniffer.git",
                "reference": "5046b0e01c416fc2b06df961d0673c85bcdc896c"
            },
            "dist": {
                "type": "zip",
                "url": "https://api.github.com/repos/squizlabs/PHP_CodeSniffer/zipball/5046b0e01c416fc2b06df961d0673c85bcdc896c",
                "reference": "5046b0e01c416fc2b06df961d0673c85bcdc896c",
                "shasum": ""
            },
            "require": {
                "ext-tokenizer": "*",
                "ext-xmlwriter": "*",
                "php": ">=5.1.2"
            },
            "bin": [
                "scripts/phpcs",
                "scripts/phpcbf"
            ],
            "type": "library",
            "extra": {
                "branch-alias": {
                    "dev-master": "2.0.x-dev"
                }
            },
            "autoload": {
                "classmap": [
                    "CodeSniffer.php",
                    "CodeSniffer/CLI.php",
                    "CodeSniffer/Exception.php",
                    "CodeSniffer/File.php",
                    "CodeSniffer/Fixer.php",
                    "CodeSniffer/Report.php",
                    "CodeSniffer/Reporting.php",
                    "CodeSniffer/Sniff.php",
                    "CodeSniffer/Tokens.php",
                    "CodeSniffer/Reports/",
                    "CodeSniffer/Tokenizers/",
                    "CodeSniffer/DocGenerators/",
                    "CodeSniffer/Standards/AbstractPatternSniff.php",
                    "CodeSniffer/Standards/AbstractScopeSniff.php",
                    "CodeSniffer/Standards/AbstractVariableSniff.php",
                    "CodeSniffer/Standards/IncorrectPatternException.php",
                    "CodeSniffer/Standards/Generic/Sniffs/",
                    "CodeSniffer/Standards/MySource/Sniffs/",
                    "CodeSniffer/Standards/PEAR/Sniffs/",
                    "CodeSniffer/Standards/PSR1/Sniffs/",
                    "CodeSniffer/Standards/PSR2/Sniffs/",
                    "CodeSniffer/Standards/Squiz/Sniffs/",
                    "CodeSniffer/Standards/Zend/Sniffs/"
                ]
            },
            "notification-url": "https://packagist.org/downloads/",
            "license": [
                "BSD-3-Clause"
            ],
            "authors": [
                {
                    "name": "Greg Sherwood",
                    "role": "lead"
                }
            ],
            "description": "PHP_CodeSniffer tokenizes PHP, JavaScript and CSS files and detects violations of a defined set of coding standards.",
            "homepage": "http://www.squizlabs.com/php-codesniffer",
            "keywords": [
                "phpcs",
                "standards"
            ],
            "time": "2015-03-04 02:07:03"
        },
        {
            "name": "wimg/php-compatibility",
            "version": "dev-master",
            "source": {
                "type": "git",
                "url": "https://github.com/wimg/PHPCompatibility.git",
                "reference": "e8982ebe6e6e14a0c1d2181b49ac234884d2d86d"
            },
            "dist": {
                "type": "zip",
                "url": "https://api.github.com/repos/wimg/PHPCompatibility/zipball/e8982ebe6e6e14a0c1d2181b49ac234884d2d86d",
                "reference": "e8982ebe6e6e14a0c1d2181b49ac234884d2d86d",
                "shasum": ""
            },
            "require": {
                "ext-tokenizer": "*",
                "php": ">=5.1.2",
                "squizlabs/php_codesniffer": ">=1.5.1,<=2.3"
            },
            "require-dev": {
                "satooshi/php-coveralls": "dev-master"
            },
            "type": "phpcodesniffer-standard",
            "notification-url": "https://packagist.org/downloads/",
            "license": [
                "LGPL"
            ],
            "authors": [
                {
                    "name": "Wim Godden",
                    "role": "lead"
                }
            ],
            "description": "This is a set of sniffs for PHP_CodeSniffer that checks for PHP version compatibility.",
            "homepage": "http://techblog.wimgodden.be/tag/codesniffer/",
            "keywords": [
                "compatibility",
                "phpcs",
                "standards"
            ],
            "time": "2015-08-25 14:36:52"
        }
    ],
    "packages-dev": [],
    "aliases": [],
    "minimum-stability": "stable",
    "stability-flags": {
        "wimg/php-compatibility": 20,
        "simplyadmire/composer-plugins": 20
    },
    "prefer-stable": false,
    "prefer-lowest": false,
    "platform": [],
    "platform-dev": []
}
